
Microsoft Visual Studio Solution File, Format Version 12.00
# Visual Studio Version 17
VisualStudioVersion = 17.0.31903.59
MinimumVisualStudioVersion = 10.0.40219.1
Project("{2150E333-8FDC-42A3-9474-1A3956D46DE8}") = "frameworks", "frameworks", "{26CC80A4-1875-42AB-9845-9BF988A1BA18}"
EndProject
Project("{2150E333-8FDC-42A3-9474-1A3956D46DE8}") = "src", "src", "{A25A7DF1-0A22-44E0-B783-F2B85C4A9543}"
EndProject
Project("{9A19103F-16F7-4668-BE54-9A1E7A4F7556}") = "Pure.AbpPro.Cli", "frameworks\src\Pure.AbpPro.Cli\Pure.AbpPro.Cli.csproj", "{2A6E460C-28F8-4091-B2B7-C60D981C48C8}"
EndProject
Project("{9A19103F-16F7-4668-BE54-9A1E7A4F7556}") = "Pure.AbpPro.Cli.Core", "frameworks\src\Pure.AbpPro.Cli.Core\Pure.AbpPro.Cli.Core.csproj", "{8718F412-9BDD-42FA-B658-074AFC0C181F}"
EndProject
Project("{2150E333-8FDC-42A3-9474-1A3956D46DE8}") = "0.Solution Items", "0.Solution Items", "{359313EA-AA3C-44AD-92C9-D849D8CEDC02}"
	ProjectSection(SolutionItems) = preProject
		Directory.Build.Microsoft.targets = Directory.Build.Microsoft.targets
		Directory.Build.targets = Directory.Build.targets
		Directory.Build.Volo.targets = Directory.Build.Volo.targets
		global.json = global.json
		NuGet.Config = NuGet.Config
	EndProjectSection
EndProject
Project("{9A19103F-16F7-4668-BE54-9A1E7A4F7556}") = "Pure.AbpPro.Localization", "frameworks\src\Pure.AbpPro.Localization\Pure.AbpPro.Localization.csproj", "{6D5E2B47-3678-4B89-8A0C-91BD5F152CF2}"
EndProject
Project("{9A19103F-16F7-4668-BE54-9A1E7A4F7556}") = "Pure.AbpPro.Core", "frameworks\src\Pure.AbpPro.Core\Pure.AbpPro.Core.csproj", "{BE564351-E769-428E-8020-1170D6EEB831}"
EndProject
Project("{9A19103F-16F7-4668-BE54-9A1E7A4F7556}") = "Pure.AbpPro.CAP", "frameworks\src\Pure.AbpPro.CAP\Pure.AbpPro.CAP.csproj", "{FF0D2C47-7A3F-4742-AD20-4C55D662CD3D}"
EndProject
Project("{9A19103F-16F7-4668-BE54-9A1E7A4F7556}") = "Pure.AbpPro.CAP.EntityFrameworkCore", "frameworks\src\Pure.AbpPro.CAP.EntityFrameworkCore\Pure.AbpPro.CAP.EntityFrameworkCore.csproj", "{FD89CCD9-179A-4519-A116-13223F6A5455}"
EndProject
Project("{9A19103F-16F7-4668-BE54-9A1E7A4F7556}") = "Pure.AbpPro.ElasticSearch", "frameworks\src\Pure.AbpPro.ElasticSearch\Pure.AbpPro.ElasticSearch.csproj", "{C304BAFA-C7C7-4054-BD2D-33665D4787EA}"
EndProject
Project("{9A19103F-16F7-4668-BE54-9A1E7A4F7556}") = "Pure.AbpPro.Starter", "frameworks\src\Pure.AbpPro.Starter\Pure.AbpPro.Starter.csproj", "{A8D51D81-3AA3-441A-BFE5-81315453E1A3}"
EndProject
Project("{2150E333-8FDC-42A3-9474-1A3956D46DE8}") = "gateways", "gateways", "{F7321B19-CCA0-4FB8-9359-56D545B8294C}"
EndProject
Project("{FAE04EC0-301F-11D3-BF4B-00C04F79EFBC}") = "Pure.AbpPro.WebGateway", "gateways\Pure.AbpPro.WebGateway\Pure.AbpPro.WebGateway.csproj", "{524B8A24-F272-4238-AE45-46811D394887}"
EndProject
Project("{2150E333-8FDC-42A3-9474-1A3956D46DE8}") = "shared", "shared", "{445AB145-224A-4883-869D-963961707ABF}"
EndProject
Project("{FAE04EC0-301F-11D3-BF4B-00C04F79EFBC}") = "Pure.AbpPro.Shared.Hosting.Gateways", "shared\Pure.AbpPro.Shared.Hosting.Gateways\Pure.AbpPro.Shared.Hosting.Gateways.csproj", "{66C83251-CE5F-42BE-9BFF-7B135BF49664}"
EndProject
Project("{FAE04EC0-301F-11D3-BF4B-00C04F79EFBC}") = "Pure.AbpPro.Shared.Hosting.Microservices", "shared\Pure.AbpPro.Shared.Hosting.Microservices\Pure.AbpPro.Shared.Hosting.Microservices.csproj", "{95DCFB3E-C4BF-4524-B137-CB0005280429}"
EndProject
Project("{2150E333-8FDC-42A3-9474-1A3956D46DE8}") = "modules", "modules", "{C919ED0F-E516-48CC-ABFD-B0B7F9371BC1}"
EndProject
Project("{2150E333-8FDC-42A3-9474-1A3956D46DE8}") = "BasicModule", "BasicModule", "{F0A1579D-975A-4DF0-9958-C71032ECE265}"
EndProject
Project("{2150E333-8FDC-42A3-9474-1A3956D46DE8}") = "host", "host", "{C32360E5-93C6-46AF-B50C-8074EBFD60B1}"
EndProject
Project("{FAE04EC0-301F-11D3-BF4B-00C04F79EFBC}") = "Pure.AbpPro.BasicModule.HttpApi.Host", "modules\BasicModule\host\Pure.AbpPro.BasicModule.HttpApi.Host\Pure.AbpPro.BasicModule.HttpApi.Host.csproj", "{06F4E964-AE9E-4ECC-9D0E-E81B738AA040}"
EndProject
Project("{2150E333-8FDC-42A3-9474-1A3956D46DE8}") = "src", "src", "{47006D5A-5D1B-4B32-988F-0F4009B0E51A}"
EndProject
Project("{FAE04EC0-301F-11D3-BF4B-00C04F79EFBC}") = "Pure.AbpPro.BasicModule.Application", "modules\BasicModule\src\Pure.AbpPro.BasicModule.Application\Pure.AbpPro.BasicModule.Application.csproj", "{F46F8133-6985-496E-B207-EF084FE28821}"
EndProject
Project("{FAE04EC0-301F-11D3-BF4B-00C04F79EFBC}") = "Pure.AbpPro.BasicModule.Application.Contracts", "modules\BasicModule\src\Pure.AbpPro.BasicModule.Application.Contracts\Pure.AbpPro.BasicModule.Application.Contracts.csproj", "{126CA1CA-C901-4789-9061-B4FB49BE45C2}"
EndProject
Project("{FAE04EC0-301F-11D3-BF4B-00C04F79EFBC}") = "Pure.AbpPro.BasicModule.Domain", "modules\BasicModule\src\Pure.AbpPro.BasicModule.Domain\Pure.AbpPro.BasicModule.Domain.csproj", "{10CA76B4-B81B-4ECF-8B87-7D3C8F935DD1}"
EndProject
Project("{FAE04EC0-301F-11D3-BF4B-00C04F79EFBC}") = "Pure.AbpPro.BasicModule.Domain.Shared", "modules\BasicModule\src\Pure.AbpPro.BasicModule.Domain.Shared\Pure.AbpPro.BasicModule.Domain.Shared.csproj", "{1CA30A56-3142-4AE5-8896-2132B3B9741C}"
EndProject
Project("{FAE04EC0-301F-11D3-BF4B-00C04F79EFBC}") = "Pure.AbpPro.BasicModule.EntityFrameworkCore", "modules\BasicModule\src\Pure.AbpPro.BasicModule.EntityFrameworkCore\Pure.AbpPro.BasicModule.EntityFrameworkCore.csproj", "{0252BC30-9911-4F72-AEDE-E849E3DA28F8}"
EndProject
Project("{FAE04EC0-301F-11D3-BF4B-00C04F79EFBC}") = "Pure.AbpPro.BasicModule.HttpApi", "modules\BasicModule\src\Pure.AbpPro.BasicModule.HttpApi\Pure.AbpPro.BasicModule.HttpApi.csproj", "{4219A73A-ECF0-4F60-B8BD-C598671D098A}"
EndProject
Project("{FAE04EC0-301F-11D3-BF4B-00C04F79EFBC}") = "Pure.AbpPro.BasicModule.HttpApi.Client", "modules\BasicModule\src\Pure.AbpPro.BasicModule.HttpApi.Client\Pure.AbpPro.BasicModule.HttpApi.Client.csproj", "{A20F739D-7D56-45F3-AD14-CE51FA4D34DF}"
EndProject
Global
	GlobalSection(SolutionConfigurationPlatforms) = preSolution
		Debug|Any CPU = Debug|Any CPU
		Release|Any CPU = Release|Any CPU
	EndGlobalSection
	GlobalSection(ProjectConfigurationPlatforms) = postSolution
		{2A6E460C-28F8-4091-B2B7-C60D981C48C8}.Debug|Any CPU.ActiveCfg = Debug|Any CPU
		{2A6E460C-28F8-4091-B2B7-C60D981C48C8}.Debug|Any CPU.Build.0 = Debug|Any CPU
		{2A6E460C-28F8-4091-B2B7-C60D981C48C8}.Release|Any CPU.ActiveCfg = Release|Any CPU
		{2A6E460C-28F8-4091-B2B7-C60D981C48C8}.Release|Any CPU.Build.0 = Release|Any CPU
		{8718F412-9BDD-42FA-B658-074AFC0C181F}.Debug|Any CPU.ActiveCfg = Debug|Any CPU
		{8718F412-9BDD-42FA-B658-074AFC0C181F}.Debug|Any CPU.Build.0 = Debug|Any CPU
		{8718F412-9BDD-42FA-B658-074AFC0C181F}.Release|Any CPU.ActiveCfg = Release|Any CPU
		{8718F412-9BDD-42FA-B658-074AFC0C181F}.Release|Any CPU.Build.0 = Release|Any CPU
		{6D5E2B47-3678-4B89-8A0C-91BD5F152CF2}.Debug|Any CPU.ActiveCfg = Debug|Any CPU
		{6D5E2B47-3678-4B89-8A0C-91BD5F152CF2}.Debug|Any CPU.Build.0 = Debug|Any CPU
		{6D5E2B47-3678-4B89-8A0C-91BD5F152CF2}.Release|Any CPU.ActiveCfg = Release|Any CPU
		{6D5E2B47-3678-4B89-8A0C-91BD5F152CF2}.Release|Any CPU.Build.0 = Release|Any CPU
		{BE564351-E769-428E-8020-1170D6EEB831}.Debug|Any CPU.ActiveCfg = Debug|Any CPU
		{BE564351-E769-428E-8020-1170D6EEB831}.Debug|Any CPU.Build.0 = Debug|Any CPU
		{BE564351-E769-428E-8020-1170D6EEB831}.Release|Any CPU.ActiveCfg = Release|Any CPU
		{BE564351-E769-428E-8020-1170D6EEB831}.Release|Any CPU.Build.0 = Release|Any CPU
		{FF0D2C47-7A3F-4742-AD20-4C55D662CD3D}.Debug|Any CPU.ActiveCfg = Debug|Any CPU
		{FF0D2C47-7A3F-4742-AD20-4C55D662CD3D}.Debug|Any CPU.Build.0 = Debug|Any CPU
		{FF0D2C47-7A3F-4742-AD20-4C55D662CD3D}.Release|Any CPU.ActiveCfg = Release|Any CPU
		{FF0D2C47-7A3F-4742-AD20-4C55D662CD3D}.Release|Any CPU.Build.0 = Release|Any CPU
		{FD89CCD9-179A-4519-A116-13223F6A5455}.Debug|Any CPU.ActiveCfg = Debug|Any CPU
		{FD89CCD9-179A-4519-A116-13223F6A5455}.Debug|Any CPU.Build.0 = Debug|Any CPU
		{FD89CCD9-179A-4519-A116-13223F6A5455}.Release|Any CPU.ActiveCfg = Release|Any CPU
		{FD89CCD9-179A-4519-A116-13223F6A5455}.Release|Any CPU.Build.0 = Release|Any CPU
		{C304BAFA-C7C7-4054-BD2D-33665D4787EA}.Debug|Any CPU.ActiveCfg = Debug|Any CPU
		{C304BAFA-C7C7-4054-BD2D-33665D4787EA}.Debug|Any CPU.Build.0 = Debug|Any CPU
		{C304BAFA-C7C7-4054-BD2D-33665D4787EA}.Release|Any CPU.ActiveCfg = Release|Any CPU
		{C304BAFA-C7C7-4054-BD2D-33665D4787EA}.Release|Any CPU.Build.0 = Release|Any CPU
		{A8D51D81-3AA3-441A-BFE5-81315453E1A3}.Debug|Any CPU.ActiveCfg = Debug|Any CPU
		{A8D51D81-3AA3-441A-BFE5-81315453E1A3}.Debug|Any CPU.Build.0 = Debug|Any CPU
		{A8D51D81-3AA3-441A-BFE5-81315453E1A3}.Release|Any CPU.ActiveCfg = Release|Any CPU
		{A8D51D81-3AA3-441A-BFE5-81315453E1A3}.Release|Any CPU.Build.0 = Release|Any CPU
		{524B8A24-F272-4238-AE45-46811D394887}.Debug|Any CPU.ActiveCfg = Debug|Any CPU
		{524B8A24-F272-4238-AE45-46811D394887}.Debug|Any CPU.Build.0 = Debug|Any CPU
		{524B8A24-F272-4238-AE45-46811D394887}.Release|Any CPU.ActiveCfg = Release|Any CPU
		{524B8A24-F272-4238-AE45-46811D394887}.Release|Any CPU.Build.0 = Release|Any CPU
		{66C83251-CE5F-42BE-9BFF-7B135BF49664}.Debug|Any CPU.ActiveCfg = Debug|Any CPU
		{66C83251-CE5F-42BE-9BFF-7B135BF49664}.Debug|Any CPU.Build.0 = Debug|Any CPU
		{66C83251-CE5F-42BE-9BFF-7B135BF49664}.Release|Any CPU.ActiveCfg = Release|Any CPU
		{66C83251-CE5F-42BE-9BFF-7B135BF49664}.Release|Any CPU.Build.0 = Release|Any CPU
		{95DCFB3E-C4BF-4524-B137-CB0005280429}.Debug|Any CPU.ActiveCfg = Debug|Any CPU
		{95DCFB3E-C4BF-4524-B137-CB0005280429}.Debug|Any CPU.Build.0 = Debug|Any CPU
		{95DCFB3E-C4BF-4524-B137-CB0005280429}.Release|Any CPU.ActiveCfg = Release|Any CPU
		{95DCFB3E-C4BF-4524-B137-CB0005280429}.Release|Any CPU.Build.0 = Release|Any CPU
		{06F4E964-AE9E-4ECC-9D0E-E81B738AA040}.Debug|Any CPU.ActiveCfg = Debug|Any CPU
		{06F4E964-AE9E-4ECC-9D0E-E81B738AA040}.Debug|Any CPU.Build.0 = Debug|Any CPU
		{06F4E964-AE9E-4ECC-9D0E-E81B738AA040}.Release|Any CPU.ActiveCfg = Release|Any CPU
		{06F4E964-AE9E-4ECC-9D0E-E81B738AA040}.Release|Any CPU.Build.0 = Release|Any CPU
		{F46F8133-6985-496E-B207-EF084FE28821}.Debug|Any CPU.ActiveCfg = Debug|Any CPU
		{F46F8133-6985-496E-B207-EF084FE28821}.Debug|Any CPU.Build.0 = Debug|Any CPU
		{F46F8133-6985-496E-B207-EF084FE28821}.Release|Any CPU.ActiveCfg = Release|Any CPU
		{F46F8133-6985-496E-B207-EF084FE28821}.Release|Any CPU.Build.0 = Release|Any CPU
		{126CA1CA-C901-4789-9061-B4FB49BE45C2}.Debug|Any CPU.ActiveCfg = Debug|Any CPU
		{126CA1CA-C901-4789-9061-B4FB49BE45C2}.Debug|Any CPU.Build.0 = Debug|Any CPU
		{126CA1CA-C901-4789-9061-B4FB49BE45C2}.Release|Any CPU.ActiveCfg = Release|Any CPU
		{126CA1CA-C901-4789-9061-B4FB49BE45C2}.Release|Any CPU.Build.0 = Release|Any CPU
		{10CA76B4-B81B-4ECF-8B87-7D3C8F935DD1}.Debug|Any CPU.ActiveCfg = Debug|Any CPU
		{10CA76B4-B81B-4ECF-8B87-7D3C8F935DD1}.Debug|Any CPU.Build.0 = Debug|Any CPU
		{10CA76B4-B81B-4ECF-8B87-7D3C8F935DD1}.Release|Any CPU.ActiveCfg = Release|Any CPU
		{10CA76B4-B81B-4ECF-8B87-7D3C8F935DD1}.Release|Any CPU.Build.0 = Release|Any CPU
		{1CA30A56-3142-4AE5-8896-2132B3B9741C}.Debug|Any CPU.ActiveCfg = Debug|Any CPU
		{1CA30A56-3142-4AE5-8896-2132B3B9741C}.Debug|Any CPU.Build.0 = Debug|Any CPU
		{1CA30A56-3142-4AE5-8896-2132B3B9741C}.Release|Any CPU.ActiveCfg = Release|Any CPU
		{1CA30A56-3142-4AE5-8896-2132B3B9741C}.Release|Any CPU.Build.0 = Release|Any CPU
		{0252BC30-9911-4F72-AEDE-E849E3DA28F8}.Debug|Any CPU.ActiveCfg = Debug|Any CPU
		{0252BC30-9911-4F72-AEDE-E849E3DA28F8}.Debug|Any CPU.Build.0 = Debug|Any CPU
		{0252BC30-9911-4F72-AEDE-E849E3DA28F8}.Release|Any CPU.ActiveCfg = Release|Any CPU
		{0252BC30-9911-4F72-AEDE-E849E3DA28F8}.Release|Any CPU.Build.0 = Release|Any CPU
		{4219A73A-ECF0-4F60-B8BD-C598671D098A}.Debug|Any CPU.ActiveCfg = Debug|Any CPU
		{4219A73A-ECF0-4F60-B8BD-C598671D098A}.Debug|Any CPU.Build.0 = Debug|Any CPU
		{4219A73A-ECF0-4F60-B8BD-C598671D098A}.Release|Any CPU.ActiveCfg = Release|Any CPU
		{4219A73A-ECF0-4F60-B8BD-C598671D098A}.Release|Any CPU.Build.0 = Release|Any CPU
		{A20F739D-7D56-45F3-AD14-CE51FA4D34DF}.Debug|Any CPU.ActiveCfg = Debug|Any CPU
		{A20F739D-7D56-45F3-AD14-CE51FA4D34DF}.Debug|Any CPU.Build.0 = Debug|Any CPU
		{A20F739D-7D56-45F3-AD14-CE51FA4D34DF}.Release|Any CPU.ActiveCfg = Release|Any CPU
		{A20F739D-7D56-45F3-AD14-CE51FA4D34DF}.Release|Any CPU.Build.0 = Release|Any CPU
	EndGlobalSection
	GlobalSection(SolutionProperties) = preSolution
		HideSolutionNode = FALSE
	EndGlobalSection
	GlobalSection(NestedProjects) = preSolution
		{A25A7DF1-0A22-44E0-B783-F2B85C4A9543} = {26CC80A4-1875-42AB-9845-9BF988A1BA18}
		{2A6E460C-28F8-4091-B2B7-C60D981C48C8} = {A25A7DF1-0A22-44E0-B783-F2B85C4A9543}
		{8718F412-9BDD-42FA-B658-074AFC0C181F} = {A25A7DF1-0A22-44E0-B783-F2B85C4A9543}
		{6D5E2B47-3678-4B89-8A0C-91BD5F152CF2} = {A25A7DF1-0A22-44E0-B783-F2B85C4A9543}
		{BE564351-E769-428E-8020-1170D6EEB831} = {A25A7DF1-0A22-44E0-B783-F2B85C4A9543}
		{FF0D2C47-7A3F-4742-AD20-4C55D662CD3D} = {A25A7DF1-0A22-44E0-B783-F2B85C4A9543}
		{FD89CCD9-179A-4519-A116-13223F6A5455} = {A25A7DF1-0A22-44E0-B783-F2B85C4A9543}
		{C304BAFA-C7C7-4054-BD2D-33665D4787EA} = {A25A7DF1-0A22-44E0-B783-F2B85C4A9543}
		{A8D51D81-3AA3-441A-BFE5-81315453E1A3} = {A25A7DF1-0A22-44E0-B783-F2B85C4A9543}
		{524B8A24-F272-4238-AE45-46811D394887} = {F7321B19-CCA0-4FB8-9359-56D545B8294C}
		{66C83251-CE5F-42BE-9BFF-7B135BF49664} = {445AB145-224A-4883-869D-963961707ABF}
		{95DCFB3E-C4BF-4524-B137-CB0005280429} = {445AB145-224A-4883-869D-963961707ABF}
		{F0A1579D-975A-4DF0-9958-C71032ECE265} = {C919ED0F-E516-48CC-ABFD-B0B7F9371BC1}
		{C32360E5-93C6-46AF-B50C-8074EBFD60B1} = {F0A1579D-975A-4DF0-9958-C71032ECE265}
		{06F4E964-AE9E-4ECC-9D0E-E81B738AA040} = {C32360E5-93C6-46AF-B50C-8074EBFD60B1}
		{47006D5A-5D1B-4B32-988F-0F4009B0E51A} = {F0A1579D-975A-4DF0-9958-C71032ECE265}
		{F46F8133-6985-496E-B207-EF084FE28821} = {47006D5A-5D1B-4B32-988F-0F4009B0E51A}
		{126CA1CA-C901-4789-9061-B4FB49BE45C2} = {47006D5A-5D1B-4B32-988F-0F4009B0E51A}
		{10CA76B4-B81B-4ECF-8B87-7D3C8F935DD1} = {47006D5A-5D1B-4B32-988F-0F4009B0E51A}
		{1CA30A56-3142-4AE5-8896-2132B3B9741C} = {47006D5A-5D1B-4B32-988F-0F4009B0E51A}
		{0252BC30-9911-4F72-AEDE-E849E3DA28F8} = {47006D5A-5D1B-4B32-988F-0F4009B0E51A}
		{4219A73A-ECF0-4F60-B8BD-C598671D098A} = {47006D5A-5D1B-4B32-988F-0F4009B0E51A}
		{A20F739D-7D56-45F3-AD14-CE51FA4D34DF} = {47006D5A-5D1B-4B32-988F-0F4009B0E51A}
	EndGlobalSection
EndGlobal
