
Microsoft Visual Studio Solution File, Format Version 12.00
# Visual Studio Version 17
VisualStudioVersion = 17.0.31903.59
MinimumVisualStudioVersion = 10.0.40219.1
Project("{2150E333-8FDC-42A3-9474-1A3956D46DE8}") = "frameworks", "frameworks", "{491EA9AB-9E59-4A4A-9D3F-A0BB4699B50A}"
EndProject
Project("{2150E333-8FDC-42A3-9474-1A3956D46DE8}") = "src", "src", "{CCA54D1C-51AC-4034-A1B8-C3587640E1AE}"
EndProject
Project("{FAE04EC0-301F-11D3-BF4B-00C04F79EFBC}") = "Pure.AbpPro.Cli", "frameworks\src\Pure.AbpPro.Cli\Pure.AbpPro.Cli.csproj", "{FC673A7E-48B5-4611-9075-F4E9DCA6266E}"
EndProject
Project("{FAE04EC0-301F-11D3-BF4B-00C04F79EFBC}") = "Pure.AbpPro.Cli.Core", "frameworks\src\Pure.AbpPro.Cli.Core\Pure.AbpPro.Cli.Core.csproj", "{50F65B19-999A-423E-B15D-49D21510066A}"
EndProject
Global
	GlobalSection(SolutionConfigurationPlatforms) = preSolution
		Debug|Any CPU = Debug|Any CPU
		Release|Any CPU = Release|Any CPU
	EndGlobalSection
	GlobalSection(SolutionProperties) = preSolution
		HideSolutionNode = FALSE
	EndGlobalSection
	GlobalSection(ProjectConfigurationPlatforms) = postSolution
		{FC673A7E-48B5-4611-9075-F4E9DCA6266E}.Debug|Any CPU.ActiveCfg = Debug|Any CPU
		{FC673A7E-48B5-4611-9075-F4E9DCA6266E}.Debug|Any CPU.Build.0 = Debug|Any CPU
		{FC673A7E-48B5-4611-9075-F4E9DCA6266E}.Release|Any CPU.ActiveCfg = Release|Any CPU
		{FC673A7E-48B5-4611-9075-F4E9DCA6266E}.Release|Any CPU.Build.0 = Release|Any CPU
		{50F65B19-999A-423E-B15D-49D21510066A}.Debug|Any CPU.ActiveCfg = Debug|Any CPU
		{50F65B19-999A-423E-B15D-49D21510066A}.Debug|Any CPU.Build.0 = Debug|Any CPU
		{50F65B19-999A-423E-B15D-49D21510066A}.Release|Any CPU.ActiveCfg = Release|Any CPU
		{50F65B19-999A-423E-B15D-49D21510066A}.Release|Any CPU.Build.0 = Release|Any CPU
	EndGlobalSection
	GlobalSection(NestedProjects) = preSolution
		{CCA54D1C-51AC-4034-A1B8-C3587640E1AE} = {491EA9AB-9E59-4A4A-9D3F-A0BB4699B50A}
		{FC673A7E-48B5-4611-9075-F4E9DCA6266E} = {CCA54D1C-51AC-4034-A1B8-C3587640E1AE}
		{50F65B19-999A-423E-B15D-49D21510066A} = {CCA54D1C-51AC-4034-A1B8-C3587640E1AE}
	EndGlobalSection
EndGlobal
