
Microsoft Visual Studio Solution File, Format Version 12.00
# Visual Studio Version 17
VisualStudioVersion = 17.0.31903.59
MinimumVisualStudioVersion = 10.0.40219.1
Project("{2150E333-8FDC-42A3-9474-1A3956D46DE8}") = "frameworks", "frameworks", "{26CC80A4-1875-42AB-9845-9BF988A1BA18}"
EndProject
Project("{2150E333-8FDC-42A3-9474-1A3956D46DE8}") = "src", "src", "{A25A7DF1-0A22-44E0-B783-F2B85C4A9543}"
EndProject
Project("{9A19103F-16F7-4668-BE54-9A1E7A4F7556}") = "Pure.AbpPro.Cli", "frameworks\src\Pure.AbpPro.Cli\Pure.AbpPro.Cli.csproj", "{2A6E460C-28F8-4091-B2B7-C60D981C48C8}"
EndProject
Project("{9A19103F-16F7-4668-BE54-9A1E7A4F7556}") = "Pure.AbpPro.Cli.Core", "frameworks\src\Pure.AbpPro.Cli.Core\Pure.AbpPro.Cli.Core.csproj", "{8718F412-9BDD-42FA-B658-074AFC0C181F}"
EndProject
Project("{2150E333-8FDC-42A3-9474-1A3956D46DE8}") = "0.Solution Items", "0.Solution Items", "{359313EA-AA3C-44AD-92C9-D849D8CEDC02}"
	ProjectSection(SolutionItems) = preProject
		Directory.Build.Microsoft.targets = Directory.Build.Microsoft.targets
		Directory.Build.targets = Directory.Build.targets
		Directory.Build.Volo.targets = Directory.Build.Volo.targets
		global.json = global.json
		NuGet.Config = NuGet.Config
	EndProjectSection
EndProject
Project("{9A19103F-16F7-4668-BE54-9A1E7A4F7556}") = "Pure.AbpPro.Localization", "frameworks\src\Pure.AbpPro.Localization\Pure.AbpPro.Localization.csproj", "{6D5E2B47-3678-4B89-8A0C-91BD5F152CF2}"
EndProject
Project("{9A19103F-16F7-4668-BE54-9A1E7A4F7556}") = "Pure.AbpPro.Core", "frameworks\src\Pure.AbpPro.Core\Pure.AbpPro.Core.csproj", "{BE564351-E769-428E-8020-1170D6EEB831}"
EndProject
Project("{9A19103F-16F7-4668-BE54-9A1E7A4F7556}") = "Pure.AbpPro.CAP", "frameworks\src\Pure.AbpPro.CAP\Pure.AbpPro.CAP.csproj", "{FF0D2C47-7A3F-4742-AD20-4C55D662CD3D}"
EndProject
Project("{9A19103F-16F7-4668-BE54-9A1E7A4F7556}") = "Pure.AbpPro.CAP.EntityFrameworkCore", "frameworks\src\Pure.AbpPro.CAP.EntityFrameworkCore\Pure.AbpPro.CAP.EntityFrameworkCore.csproj", "{FD89CCD9-179A-4519-A116-13223F6A5455}"
EndProject
Global
	GlobalSection(SolutionConfigurationPlatforms) = preSolution
		Debug|Any CPU = Debug|Any CPU
		Release|Any CPU = Release|Any CPU
	EndGlobalSection
	GlobalSection(ProjectConfigurationPlatforms) = postSolution
		{2A6E460C-28F8-4091-B2B7-C60D981C48C8}.Debug|Any CPU.ActiveCfg = Debug|Any CPU
		{2A6E460C-28F8-4091-B2B7-C60D981C48C8}.Debug|Any CPU.Build.0 = Debug|Any CPU
		{2A6E460C-28F8-4091-B2B7-C60D981C48C8}.Release|Any CPU.ActiveCfg = Release|Any CPU
		{2A6E460C-28F8-4091-B2B7-C60D981C48C8}.Release|Any CPU.Build.0 = Release|Any CPU
		{8718F412-9BDD-42FA-B658-074AFC0C181F}.Debug|Any CPU.ActiveCfg = Debug|Any CPU
		{8718F412-9BDD-42FA-B658-074AFC0C181F}.Debug|Any CPU.Build.0 = Debug|Any CPU
		{8718F412-9BDD-42FA-B658-074AFC0C181F}.Release|Any CPU.ActiveCfg = Release|Any CPU
		{8718F412-9BDD-42FA-B658-074AFC0C181F}.Release|Any CPU.Build.0 = Release|Any CPU
		{6D5E2B47-3678-4B89-8A0C-91BD5F152CF2}.Debug|Any CPU.ActiveCfg = Debug|Any CPU
		{6D5E2B47-3678-4B89-8A0C-91BD5F152CF2}.Debug|Any CPU.Build.0 = Debug|Any CPU
		{6D5E2B47-3678-4B89-8A0C-91BD5F152CF2}.Release|Any CPU.ActiveCfg = Release|Any CPU
		{6D5E2B47-3678-4B89-8A0C-91BD5F152CF2}.Release|Any CPU.Build.0 = Release|Any CPU
		{BE564351-E769-428E-8020-1170D6EEB831}.Debug|Any CPU.ActiveCfg = Debug|Any CPU
		{BE564351-E769-428E-8020-1170D6EEB831}.Debug|Any CPU.Build.0 = Debug|Any CPU
		{BE564351-E769-428E-8020-1170D6EEB831}.Release|Any CPU.ActiveCfg = Release|Any CPU
		{BE564351-E769-428E-8020-1170D6EEB831}.Release|Any CPU.Build.0 = Release|Any CPU
		{FF0D2C47-7A3F-4742-AD20-4C55D662CD3D}.Debug|Any CPU.ActiveCfg = Debug|Any CPU
		{FF0D2C47-7A3F-4742-AD20-4C55D662CD3D}.Debug|Any CPU.Build.0 = Debug|Any CPU
		{FF0D2C47-7A3F-4742-AD20-4C55D662CD3D}.Release|Any CPU.ActiveCfg = Release|Any CPU
		{FF0D2C47-7A3F-4742-AD20-4C55D662CD3D}.Release|Any CPU.Build.0 = Release|Any CPU
		{FD89CCD9-179A-4519-A116-13223F6A5455}.Debug|Any CPU.ActiveCfg = Debug|Any CPU
		{FD89CCD9-179A-4519-A116-13223F6A5455}.Debug|Any CPU.Build.0 = Debug|Any CPU
		{FD89CCD9-179A-4519-A116-13223F6A5455}.Release|Any CPU.ActiveCfg = Release|Any CPU
		{FD89CCD9-179A-4519-A116-13223F6A5455}.Release|Any CPU.Build.0 = Release|Any CPU
	EndGlobalSection
	GlobalSection(SolutionProperties) = preSolution
		HideSolutionNode = FALSE
	EndGlobalSection
	GlobalSection(NestedProjects) = preSolution
		{A25A7DF1-0A22-44E0-B783-F2B85C4A9543} = {26CC80A4-1875-42AB-9845-9BF988A1BA18}
		{2A6E460C-28F8-4091-B2B7-C60D981C48C8} = {A25A7DF1-0A22-44E0-B783-F2B85C4A9543}
		{8718F412-9BDD-42FA-B658-074AFC0C181F} = {A25A7DF1-0A22-44E0-B783-F2B85C4A9543}
		{6D5E2B47-3678-4B89-8A0C-91BD5F152CF2} = {A25A7DF1-0A22-44E0-B783-F2B85C4A9543}
		{BE564351-E769-428E-8020-1170D6EEB831} = {A25A7DF1-0A22-44E0-B783-F2B85C4A9543}
		{FF0D2C47-7A3F-4742-AD20-4C55D662CD3D} = {A25A7DF1-0A22-44E0-B783-F2B85C4A9543}
		{FD89CCD9-179A-4519-A116-13223F6A5455} = {A25A7DF1-0A22-44E0-B783-F2B85C4A9543}
	EndGlobalSection
EndGlobal
